
Microsoft Visual Studio Solution File, Format Version 12.00
# Visual Studio Version 16
VisualStudioVersion = 16.0.30517.126
MinimumVisualStudioVersion = 10.0.40219.1
Project("{FAE04EC0-301F-11D3-BF4B-00C04F79EFBC}") = "Blog.IntegrationTestingExternalSystems", "Blog.IntegrationTestingExternalSystems\Blog.IntegrationTestingExternalSystems.csproj", "{6175B998-7011-4561-A5FC-3B0666AB4340}"
EndProject
Project("{FAE04EC0-301F-11D3-BF4B-00C04F79EFBC}") = "Blog.IntegrationTestingExternalSystems.IntegrationTest", "Blog.IntegrationTestingExternalSystems.IntegrationTest\Blog.IntegrationTestingExternalSystems.IntegrationTest.csproj", "{C28EA591-2FD8-444A-AEB8-12B1CF6FC80E}"
EndProject
Project("{FAE04EC0-301F-11D3-BF4B-00C04F79EFBC}") = "Blog.IntegrationTestingExternalSystems.Deployment", "Blog.IntegrationTestingExternalSystems.Deployment\Blog.IntegrationTestingExternalSystems.Deployment.csproj", "{F3831C67-4E41-45CF-8C03-5A093FCA3B80}"
EndProject
Global
	GlobalSection(SolutionConfigurationPlatforms) = preSolution
		Debug|Any CPU = Debug|Any CPU
		Release|Any CPU = Release|Any CPU
	EndGlobalSection
	GlobalSection(ProjectConfigurationPlatforms) = postSolution
		{6175B998-7011-4561-A5FC-3B0666AB4340}.Debug|Any CPU.ActiveCfg = Debug|Any CPU
		{6175B998-7011-4561-A5FC-3B0666AB4340}.Debug|Any CPU.Build.0 = Debug|Any CPU
		{6175B998-7011-4561-A5FC-3B0666AB4340}.Release|Any CPU.ActiveCfg = Release|Any CPU
		{6175B998-7011-4561-A5FC-3B0666AB4340}.Release|Any CPU.Build.0 = Release|Any CPU
		{C28EA591-2FD8-444A-AEB8-12B1CF6FC80E}.Debug|Any CPU.ActiveCfg = Debug|Any CPU
		{C28EA591-2FD8-444A-AEB8-12B1CF6FC80E}.Debug|Any CPU.Build.0 = Debug|Any CPU
		{C28EA591-2FD8-444A-AEB8-12B1CF6FC80E}.Release|Any CPU.ActiveCfg = Release|Any CPU
		{C28EA591-2FD8-444A-AEB8-12B1CF6FC80E}.Release|Any CPU.Build.0 = Release|Any CPU
		{F3831C67-4E41-45CF-8C03-5A093FCA3B80}.Debug|Any CPU.ActiveCfg = Debug|Any CPU
		{F3831C67-4E41-45CF-8C03-5A093FCA3B80}.Debug|Any CPU.Build.0 = Debug|Any CPU
		{F3831C67-4E41-45CF-8C03-5A093FCA3B80}.Release|Any CPU.ActiveCfg = Release|Any CPU
		{F3831C67-4E41-45CF-8C03-5A093FCA3B80}.Release|Any CPU.Build.0 = Release|Any CPU
	EndGlobalSection
	GlobalSection(SolutionProperties) = preSolution
		HideSolutionNode = FALSE
	EndGlobalSection
	GlobalSection(ExtensibilityGlobals) = postSolution
		SolutionGuid = {D61538BC-1370-4B65-8BCF-C36F23527EEA}
	EndGlobalSection
EndGlobal
